
Microsoft Visual Studio Solution File, Format Version 12.00
# Visual Studio Version 17
VisualStudioVersion = 17.14.36301.6 d17.14
MinimumVisualStudioVersion = 10.0.40219.1
Project("{FAE04EC0-301F-11D3-BF4B-00C04F79EFBC}") = "Demo02", "Demo02\Demo02.csproj", "{FC28C58E-2D46-48EB-B61A-B355B492075B}"
EndProject
Global
	GlobalSection(SolutionConfigurationPlatforms) = preSolution
		Debug|Any CPU = Debug|Any CPU
		Release|Any CPU = Release|Any CPU
	EndGlobalSection
	GlobalSection(ProjectConfigurationPlatforms) = postSolution
		{FC28C58E-2D46-48EB-B61A-B355B492075B}.Debug|Any CPU.ActiveCfg = Debug|Any CPU
		{FC28C58E-2D46-48EB-B61A-B355B492075B}.Debug|Any CPU.Build.0 = Debug|Any CPU
		{FC28C58E-2D46-48EB-B61A-B355B492075B}.Release|Any CPU.ActiveCfg = Release|Any CPU
		{FC28C58E-2D46-48EB-B61A-B355B492075B}.Release|Any CPU.Build.0 = Release|Any CPU
	EndGlobalSection
	GlobalSection(SolutionProperties) = preSolution
		HideSolutionNode = FALSE
	EndGlobalSection
	GlobalSection(ExtensibilityGlobals) = postSolution
		SolutionGuid = {CED7CFD5-43FD-4448-AE30-F2A6CBAA832E}
	EndGlobalSection
EndGlobal
